
Microsoft Visual Studio Solution File, Format Version 12.00
# Visual Studio Version 16
VisualStudioVersion = 16.0.30711.63
MinimumVisualStudioVersion = 10.0.40219.1
Project("{FAE04EC0-301F-11D3-BF4B-00C04F79EFBC}") = "WpfHelper", "WpfHelper\WpfHelper.csproj", "{B6FA99AB-CC76-4DC8-9EA0-D872745204EE}"
EndProject
Global
	GlobalSection(SolutionConfigurationPlatforms) = preSolution
		Debug|Any CPU = Debug|Any CPU
		Release|Any CPU = Release|Any CPU
	EndGlobalSection
	GlobalSection(ProjectConfigurationPlatforms) = postSolution
		{B6FA99AB-CC76-4DC8-9EA0-D872745204EE}.Debug|Any CPU.ActiveCfg = Debug|Any CPU
		{B6FA99AB-CC76-4DC8-9EA0-D872745204EE}.Debug|Any CPU.Build.0 = Debug|Any CPU
		{B6FA99AB-CC76-4DC8-9EA0-D872745204EE}.Release|Any CPU.ActiveCfg = Release|Any CPU
		{B6FA99AB-CC76-4DC8-9EA0-D872745204EE}.Release|Any CPU.Build.0 = Release|Any CPU
	EndGlobalSection
	GlobalSection(SolutionProperties) = preSolution
		HideSolutionNode = FALSE
	EndGlobalSection
	GlobalSection(ExtensibilityGlobals) = postSolution
		SolutionGuid = {FCDE3E74-9E85-4244-9067-A4489FD6B785}
	EndGlobalSection
EndGlobal
